
Microsoft Visual Studio Solution File, Format Version 12.00
# Visual Studio Version 17
VisualStudioVersion = 17.0.32014.148
MinimumVisualStudioVersion = 10.0.40219.1
Project("{9A19103F-16F7-4668-BE54-9A1E7A4F7556}") = "VerifyNIPActivePayer.Lib", "VerifyNIPActivePayer.Lib\VerifyNIPActivePayer.Lib.csproj", "{31AAE47B-151B-468A-A00D-25F39B531221}"
	ProjectSection(ProjectDependencies) = postProject
		{D7B63287-5728-4302-9170-B722B5141B4E} = {D7B63287-5728-4302-9170-B722B5141B4E}
		{1D5C239A-48FE-492D-8E48-E5E5060C2864} = {1D5C239A-48FE-492D-8E48-E5E5060C2864}
	EndProjectSection
EndProject
Project("{9A19103F-16F7-4668-BE54-9A1E7A4F7556}") = "VerifyNIPActivePayer.Lib.Test", "VerifyNIPActivePayer.Lib.Test\VerifyNIPActivePayer.Lib.Test.csproj", "{2652B1D0-BBEF-45F7-BA09-B3F891F09F10}"
	ProjectSection(ProjectDependencies) = postProject
		{D7B63287-5728-4302-9170-B722B5141B4E} = {D7B63287-5728-4302-9170-B722B5141B4E}
		{1D5C239A-48FE-492D-8E48-E5E5060C2864} = {1D5C239A-48FE-492D-8E48-E5E5060C2864}
	EndProjectSection
EndProject
Project("{9A19103F-16F7-4668-BE54-9A1E7A4F7556}") = "VerifyCompany.Common.Lib", "VerifyCompany.Common.Lib\VerifyCompany.Common.Lib.csproj", "{1D5C239A-48FE-492D-8E48-E5E5060C2864}"
EndProject
Project("{9A19103F-16F7-4668-BE54-9A1E7A4F7556}") = "VerifyCompany.Common.Test.Lib", "VerifyCompany.Common.Test.Lib\VerifyCompany.Common.Test.Lib.csproj", "{D7B63287-5728-4302-9170-B722B5141B4E}"
EndProject
Project("{FAE04EC0-301F-11D3-BF4B-00C04F79EFBC}") = "VerifyActiveCompany.Lib", "VerifyActiveCompany.Lib\VerifyActiveCompany.Lib.csproj", "{403AED9E-4186-4918-9646-A8C46708C40B}"
	ProjectSection(ProjectDependencies) = postProject
		{1D5C239A-48FE-492D-8E48-E5E5060C2864} = {1D5C239A-48FE-492D-8E48-E5E5060C2864}
	EndProjectSection
EndProject
Project("{FAE04EC0-301F-11D3-BF4B-00C04F79EFBC}") = "VerifyActiveCompany.Lib.Test", "VerifyActiveCompany.Lib.Test\VerifyActiveCompany.Lib.Test.csproj", "{4D9E56AF-CDF8-46CE-A3C9-DEAC72069685}"
	ProjectSection(ProjectDependencies) = postProject
		{D7B63287-5728-4302-9170-B722B5141B4E} = {D7B63287-5728-4302-9170-B722B5141B4E}
		{1D5C239A-48FE-492D-8E48-E5E5060C2864} = {1D5C239A-48FE-492D-8E48-E5E5060C2864}
	EndProjectSection
EndProject
Project("{9A19103F-16F7-4668-BE54-9A1E7A4F7556}") = "VerifyWhiteListCompany.Lib", "VerifyWhiteListCompany.Lib\VerifyWhiteListCompany.Lib.csproj", "{A5E9B0F9-FE49-4EA7-B967-67A72006716E}"
	ProjectSection(ProjectDependencies) = postProject
		{D7B63287-5728-4302-9170-B722B5141B4E} = {D7B63287-5728-4302-9170-B722B5141B4E}
		{1D5C239A-48FE-492D-8E48-E5E5060C2864} = {1D5C239A-48FE-492D-8E48-E5E5060C2864}
	EndProjectSection
EndProject
Project("{9A19103F-16F7-4668-BE54-9A1E7A4F7556}") = "VerifyWhiteListCompany.Lib.Test", "VerifyWhiteListCompany.Lib.Test\VerifyWhiteListCompany.Lib.Test.csproj", "{07D6929E-469B-4ADC-900E-AF7734ABE919}"
	ProjectSection(ProjectDependencies) = postProject
		{D7B63287-5728-4302-9170-B722B5141B4E} = {D7B63287-5728-4302-9170-B722B5141B4E}
		{1D5C239A-48FE-492D-8E48-E5E5060C2864} = {1D5C239A-48FE-492D-8E48-E5E5060C2864}
	EndProjectSection
EndProject
Project("{9A19103F-16F7-4668-BE54-9A1E7A4F7556}") = "ExcelDataManager.Lib", "ExcelDataManager.Lib\ExcelDataManager.Lib.csproj", "{5A14812E-9383-4D85-8CBE-B972E568EF4B}"
	ProjectSection(ProjectDependencies) = postProject
		{31AAE47B-151B-468A-A00D-25F39B531221} = {31AAE47B-151B-468A-A00D-25F39B531221}
		{1D5C239A-48FE-492D-8E48-E5E5060C2864} = {1D5C239A-48FE-492D-8E48-E5E5060C2864}
		{4D9E56AF-CDF8-46CE-A3C9-DEAC72069685} = {4D9E56AF-CDF8-46CE-A3C9-DEAC72069685}
		{A5E9B0F9-FE49-4EA7-B967-67A72006716E} = {A5E9B0F9-FE49-4EA7-B967-67A72006716E}
	EndProjectSection
EndProject
Project("{9A19103F-16F7-4668-BE54-9A1E7A4F7556}") = "ExcelDataManager.Lib.Test", "ExcelDataManager.Lib.Test\ExcelDataManager.Lib.Test.csproj", "{181245CB-6888-4E7C-985B-5D37083F2A97}"
	ProjectSection(ProjectDependencies) = postProject
		{31AAE47B-151B-468A-A00D-25F39B531221} = {31AAE47B-151B-468A-A00D-25F39B531221}
		{D7B63287-5728-4302-9170-B722B5141B4E} = {D7B63287-5728-4302-9170-B722B5141B4E}
		{1D5C239A-48FE-492D-8E48-E5E5060C2864} = {1D5C239A-48FE-492D-8E48-E5E5060C2864}
		{403AED9E-4186-4918-9646-A8C46708C40B} = {403AED9E-4186-4918-9646-A8C46708C40B}
		{A5E9B0F9-FE49-4EA7-B967-67A72006716E} = {A5E9B0F9-FE49-4EA7-B967-67A72006716E}
	EndProjectSection
EndProject
Project("{9A19103F-16F7-4668-BE54-9A1E7A4F7556}") = "DocumentGenerator.Lib", "DocumentGenerator.Lib\DocumentGenerator.Lib.csproj", "{B07B40B5-4ED8-4679-B40F-D63F07861059}"
EndProject
Project("{9A19103F-16F7-4668-BE54-9A1E7A4F7556}") = "DocumentGenerator.Lib.Test", "DocumentGenerator.Lib.Test\DocumentGenerator.Lib.Test.csproj", "{F7EA36A8-19B8-41A7-8373-C72351754DE8}"
EndProject
Project("{FAE04EC0-301F-11D3-BF4B-00C04F79EFBC}") = "VerifyCompany.UI", "VerifyCompany.UI\VerifyCompany.UI.csproj", "{8A350B00-0743-4976-9DAE-42E8F5451E2C}"
	ProjectSection(ProjectDependencies) = postProject
		{31AAE47B-151B-468A-A00D-25F39B531221} = {31AAE47B-151B-468A-A00D-25F39B531221}
		{D7B63287-5728-4302-9170-B722B5141B4E} = {D7B63287-5728-4302-9170-B722B5141B4E}
		{1D5C239A-48FE-492D-8E48-E5E5060C2864} = {1D5C239A-48FE-492D-8E48-E5E5060C2864}
		{07D6929E-469B-4ADC-900E-AF7734ABE919} = {07D6929E-469B-4ADC-900E-AF7734ABE919}
		{403AED9E-4186-4918-9646-A8C46708C40B} = {403AED9E-4186-4918-9646-A8C46708C40B}
		{F7EA36A8-19B8-41A7-8373-C72351754DE8} = {F7EA36A8-19B8-41A7-8373-C72351754DE8}
		{4D9E56AF-CDF8-46CE-A3C9-DEAC72069685} = {4D9E56AF-CDF8-46CE-A3C9-DEAC72069685}
		{B07B40B5-4ED8-4679-B40F-D63F07861059} = {B07B40B5-4ED8-4679-B40F-D63F07861059}
		{181245CB-6888-4E7C-985B-5D37083F2A97} = {181245CB-6888-4E7C-985B-5D37083F2A97}
		{2652B1D0-BBEF-45F7-BA09-B3F891F09F10} = {2652B1D0-BBEF-45F7-BA09-B3F891F09F10}
		{A5E9B0F9-FE49-4EA7-B967-67A72006716E} = {A5E9B0F9-FE49-4EA7-B967-67A72006716E}
	EndProjectSection
EndProject
Project("{FAE04EC0-301F-11D3-BF4B-00C04F79EFBC}") = "NotePDFExporter.UI", "NotePDFExporter\NotePDFExporter.UI.csproj", "{7589CEEF-DB29-473A-A3A2-7E24614F1B2A}"
EndProject
Global
	GlobalSection(SolutionConfigurationPlatforms) = preSolution
		Debug|Any CPU = Debug|Any CPU
		Release|Any CPU = Release|Any CPU
	EndGlobalSection
	GlobalSection(ProjectConfigurationPlatforms) = postSolution
		{31AAE47B-151B-468A-A00D-25F39B531221}.Debug|Any CPU.ActiveCfg = Debug|Any CPU
		{31AAE47B-151B-468A-A00D-25F39B531221}.Debug|Any CPU.Build.0 = Debug|Any CPU
		{31AAE47B-151B-468A-A00D-25F39B531221}.Release|Any CPU.ActiveCfg = Release|Any CPU
		{31AAE47B-151B-468A-A00D-25F39B531221}.Release|Any CPU.Build.0 = Release|Any CPU
		{2652B1D0-BBEF-45F7-BA09-B3F891F09F10}.Debug|Any CPU.ActiveCfg = Debug|Any CPU
		{2652B1D0-BBEF-45F7-BA09-B3F891F09F10}.Debug|Any CPU.Build.0 = Debug|Any CPU
		{2652B1D0-BBEF-45F7-BA09-B3F891F09F10}.Release|Any CPU.ActiveCfg = Release|Any CPU
		{2652B1D0-BBEF-45F7-BA09-B3F891F09F10}.Release|Any CPU.Build.0 = Release|Any CPU
		{1D5C239A-48FE-492D-8E48-E5E5060C2864}.Debug|Any CPU.ActiveCfg = Debug|Any CPU
		{1D5C239A-48FE-492D-8E48-E5E5060C2864}.Debug|Any CPU.Build.0 = Debug|Any CPU
		{1D5C239A-48FE-492D-8E48-E5E5060C2864}.Release|Any CPU.ActiveCfg = Release|Any CPU
		{1D5C239A-48FE-492D-8E48-E5E5060C2864}.Release|Any CPU.Build.0 = Release|Any CPU
		{D7B63287-5728-4302-9170-B722B5141B4E}.Debug|Any CPU.ActiveCfg = Debug|Any CPU
		{D7B63287-5728-4302-9170-B722B5141B4E}.Debug|Any CPU.Build.0 = Debug|Any CPU
		{D7B63287-5728-4302-9170-B722B5141B4E}.Release|Any CPU.ActiveCfg = Release|Any CPU
		{D7B63287-5728-4302-9170-B722B5141B4E}.Release|Any CPU.Build.0 = Release|Any CPU
		{403AED9E-4186-4918-9646-A8C46708C40B}.Debug|Any CPU.ActiveCfg = Debug|Any CPU
		{403AED9E-4186-4918-9646-A8C46708C40B}.Debug|Any CPU.Build.0 = Debug|Any CPU
		{403AED9E-4186-4918-9646-A8C46708C40B}.Release|Any CPU.ActiveCfg = Release|Any CPU
		{403AED9E-4186-4918-9646-A8C46708C40B}.Release|Any CPU.Build.0 = Release|Any CPU
		{4D9E56AF-CDF8-46CE-A3C9-DEAC72069685}.Debug|Any CPU.ActiveCfg = Debug|Any CPU
		{4D9E56AF-CDF8-46CE-A3C9-DEAC72069685}.Debug|Any CPU.Build.0 = Debug|Any CPU
		{4D9E56AF-CDF8-46CE-A3C9-DEAC72069685}.Release|Any CPU.ActiveCfg = Release|Any CPU
		{4D9E56AF-CDF8-46CE-A3C9-DEAC72069685}.Release|Any CPU.Build.0 = Release|Any CPU
		{A5E9B0F9-FE49-4EA7-B967-67A72006716E}.Debug|Any CPU.ActiveCfg = Debug|Any CPU
		{A5E9B0F9-FE49-4EA7-B967-67A72006716E}.Debug|Any CPU.Build.0 = Debug|Any CPU
		{A5E9B0F9-FE49-4EA7-B967-67A72006716E}.Release|Any CPU.ActiveCfg = Release|Any CPU
		{A5E9B0F9-FE49-4EA7-B967-67A72006716E}.Release|Any CPU.Build.0 = Release|Any CPU
		{07D6929E-469B-4ADC-900E-AF7734ABE919}.Debug|Any CPU.ActiveCfg = Debug|Any CPU
		{07D6929E-469B-4ADC-900E-AF7734ABE919}.Debug|Any CPU.Build.0 = Debug|Any CPU
		{07D6929E-469B-4ADC-900E-AF7734ABE919}.Release|Any CPU.ActiveCfg = Release|Any CPU
		{07D6929E-469B-4ADC-900E-AF7734ABE919}.Release|Any CPU.Build.0 = Release|Any CPU
		{5A14812E-9383-4D85-8CBE-B972E568EF4B}.Debug|Any CPU.ActiveCfg = Debug|Any CPU
		{5A14812E-9383-4D85-8CBE-B972E568EF4B}.Debug|Any CPU.Build.0 = Debug|Any CPU
		{5A14812E-9383-4D85-8CBE-B972E568EF4B}.Release|Any CPU.ActiveCfg = Release|Any CPU
		{5A14812E-9383-4D85-8CBE-B972E568EF4B}.Release|Any CPU.Build.0 = Release|Any CPU
		{181245CB-6888-4E7C-985B-5D37083F2A97}.Debug|Any CPU.ActiveCfg = Debug|Any CPU
		{181245CB-6888-4E7C-985B-5D37083F2A97}.Debug|Any CPU.Build.0 = Debug|Any CPU
		{181245CB-6888-4E7C-985B-5D37083F2A97}.Release|Any CPU.ActiveCfg = Release|Any CPU
		{181245CB-6888-4E7C-985B-5D37083F2A97}.Release|Any CPU.Build.0 = Release|Any CPU
		{B07B40B5-4ED8-4679-B40F-D63F07861059}.Debug|Any CPU.ActiveCfg = Debug|Any CPU
		{B07B40B5-4ED8-4679-B40F-D63F07861059}.Debug|Any CPU.Build.0 = Debug|Any CPU
		{B07B40B5-4ED8-4679-B40F-D63F07861059}.Release|Any CPU.ActiveCfg = Release|Any CPU
		{B07B40B5-4ED8-4679-B40F-D63F07861059}.Release|Any CPU.Build.0 = Release|Any CPU
		{F7EA36A8-19B8-41A7-8373-C72351754DE8}.Debug|Any CPU.ActiveCfg = Debug|Any CPU
		{F7EA36A8-19B8-41A7-8373-C72351754DE8}.Debug|Any CPU.Build.0 = Debug|Any CPU
		{F7EA36A8-19B8-41A7-8373-C72351754DE8}.Release|Any CPU.ActiveCfg = Release|Any CPU
		{F7EA36A8-19B8-41A7-8373-C72351754DE8}.Release|Any CPU.Build.0 = Release|Any CPU
		{8A350B00-0743-4976-9DAE-42E8F5451E2C}.Debug|Any CPU.ActiveCfg = Debug|Any CPU
		{8A350B00-0743-4976-9DAE-42E8F5451E2C}.Debug|Any CPU.Build.0 = Debug|Any CPU
		{8A350B00-0743-4976-9DAE-42E8F5451E2C}.Release|Any CPU.ActiveCfg = Release|Any CPU
		{8A350B00-0743-4976-9DAE-42E8F5451E2C}.Release|Any CPU.Build.0 = Release|Any CPU
		{7589CEEF-DB29-473A-A3A2-7E24614F1B2A}.Debug|Any CPU.ActiveCfg = Debug|Any CPU
		{7589CEEF-DB29-473A-A3A2-7E24614F1B2A}.Debug|Any CPU.Build.0 = Debug|Any CPU
		{7589CEEF-DB29-473A-A3A2-7E24614F1B2A}.Release|Any CPU.ActiveCfg = Release|Any CPU
		{7589CEEF-DB29-473A-A3A2-7E24614F1B2A}.Release|Any CPU.Build.0 = Release|Any CPU
	EndGlobalSection
	GlobalSection(SolutionProperties) = preSolution
		HideSolutionNode = FALSE
	EndGlobalSection
	GlobalSection(ExtensibilityGlobals) = postSolution
		SolutionGuid = {14A49F6C-EE37-4EF1-8A49-44F2A4D0964B}
	EndGlobalSection
EndGlobal
